
Microsoft Visual Studio Solution File, Format Version 11.00
# Visual Studio 2010
Project("{FAE04EC0-301F-11D3-BF4B-00C04F79EFBC}") = "Mitra.AssistenciaSocial.UI.Web.MVC3", "Mitra.AssistenciaSocial.UI.Web.MVC3\Mitra.AssistenciaSocial.UI.Web.MVC3.csproj", "{27037B92-3132-4F65-9746-C5654A9AD420}"
EndProject
Global
	GlobalSection(SolutionConfigurationPlatforms) = preSolution
		Debug|Any CPU = Debug|Any CPU
		Release|Any CPU = Release|Any CPU
	EndGlobalSection
	GlobalSection(ProjectConfigurationPlatforms) = postSolution
		{27037B92-3132-4F65-9746-C5654A9AD420}.Debug|Any CPU.ActiveCfg = Debug|Any CPU
		{27037B92-3132-4F65-9746-C5654A9AD420}.Debug|Any CPU.Build.0 = Debug|Any CPU
		{27037B92-3132-4F65-9746-C5654A9AD420}.Release|Any CPU.ActiveCfg = Release|Any CPU
		{27037B92-3132-4F65-9746-C5654A9AD420}.Release|Any CPU.Build.0 = Release|Any CPU
	EndGlobalSection
	GlobalSection(SolutionProperties) = preSolution
		HideSolutionNode = FALSE
	EndGlobalSection
EndGlobal
