
Microsoft Visual Studio Solution File, Format Version 12.00
# Visual Studio 2012
Project("{FAE04EC0-301F-11D3-BF4B-00C04F79EFBC}") = "Mitra.AssistenciaSocial.UI.WPF", "Mitra.AssistenciaSocial.UI.WPF\Mitra.AssistenciaSocial.UI.WPF.csproj", "{FDA9EBD6-ABF9-4BF8-81AA-66A60ADB8768}"
EndProject
Project("{2150E333-8FDC-42A3-9474-1A3956D46DE8}") = "2 - Camadas", "2 - Camadas", "{380A59C0-7365-47EA-A493-C822EF9F12E8}"
EndProject
Project("{2150E333-8FDC-42A3-9474-1A3956D46DE8}") = "3 - Qualidade", "3 - Qualidade", "{0315BAC7-D9FA-4F9E-AAA4-E76C372D8ACB}"
EndProject
Project("{2150E333-8FDC-42A3-9474-1A3956D46DE8}") = "3.1 - Testes Unitários", "3.1 - Testes Unitários", "{46308C41-BECE-484B-8DC7-072DC871DFF3}"
EndProject
Project("{2150E333-8FDC-42A3-9474-1A3956D46DE8}") = "3.2 - Testes de Carga", "3.2 - Testes de Carga", "{463B8595-4441-4026-B494-615CC890FD37}"
EndProject
Project("{2150E333-8FDC-42A3-9474-1A3956D46DE8}") = "3.3 - Testes de Integração", "3.3 - Testes de Integração", "{51557F2B-4A31-4DE2-8F71-D1E8CABEE3C6}"
EndProject
Project("{2150E333-8FDC-42A3-9474-1A3956D46DE8}") = "2.1 - Apresentação", "2.1 - Apresentação", "{A45DBBAA-CBB6-4599-B63C-3C8C58D8CF65}"
EndProject
Project("{2150E333-8FDC-42A3-9474-1A3956D46DE8}") = "2.2 - Serviço Distribuido", "2.2 - Serviço Distribuido", "{CBE8F8C1-6058-41CA-BC48-9FE93B485641}"
EndProject
Project("{2150E333-8FDC-42A3-9474-1A3956D46DE8}") = "2.3 - Aplicação", "2.3 - Aplicação", "{61A83A5F-C731-4B4E-B940-029DFB14007A}"
EndProject
Project("{2150E333-8FDC-42A3-9474-1A3956D46DE8}") = "2.4 - Domínio", "2.4 - Domínio", "{370DE797-27AC-4398-AC63-19C1BD2AF7C0}"
EndProject
Project("{2150E333-8FDC-42A3-9474-1A3956D46DE8}") = "2.5 - Infraestrutura de Persistência", "2.5 - Infraestrutura de Persistência", "{00578FED-CE1A-452B-9982-5D42A44B94CC}"
EndProject
Project("{2150E333-8FDC-42A3-9474-1A3956D46DE8}") = "2.6 - Infraestrutura Vertical", "2.6 - Infraestrutura Vertical", "{B54B9118-77A7-47F4-ABA8-5CB65A1BC1C2}"
EndProject
Project("{2150E333-8FDC-42A3-9474-1A3956D46DE8}") = "4 - Scripts", "4 - Scripts", "{5D63FD77-A566-40B9-8A2D-D55806670F7E}"
EndProject
Project("{2150E333-8FDC-42A3-9474-1A3956D46DE8}") = "0 - Gerenciamento de Dependências", "0 - Gerenciamento de Dependências", "{D6CD0CCF-4C31-424A-B9E2-4CA66D2C3D1C}"
EndProject
Project("{2150E333-8FDC-42A3-9474-1A3956D46DE8}") = "1 - Arquitetura e Design", "1 - Arquitetura e Design", "{FEEF92EB-CE0E-4F6C-BB32-F067043DF484}"
EndProject
Project("{2150E333-8FDC-42A3-9474-1A3956D46DE8}") = "3.4 - Testes Automatizados", "3.4 - Testes Automatizados", "{FA64AA30-9C1D-402D-B45B-2BD5E3841410}"
EndProject
Project("{FAE04EC0-301F-11D3-BF4B-00C04F79EFBC}") = "Mitra.Infraestrutura.Persistencia.Teste", "Mitra.Infraestrutura.Persistencia.Teste\Mitra.Infraestrutura.Persistencia.Teste.csproj", "{D2A2F16F-C167-4416-83AC-4F0F48417745}"
EndProject
Global
	GlobalSection(SolutionConfigurationPlatforms) = preSolution
		Debug|Any CPU = Debug|Any CPU
		Release|Any CPU = Release|Any CPU
	EndGlobalSection
	GlobalSection(ProjectConfigurationPlatforms) = postSolution
		{FDA9EBD6-ABF9-4BF8-81AA-66A60ADB8768}.Debug|Any CPU.ActiveCfg = Debug|Any CPU
		{FDA9EBD6-ABF9-4BF8-81AA-66A60ADB8768}.Debug|Any CPU.Build.0 = Debug|Any CPU
		{FDA9EBD6-ABF9-4BF8-81AA-66A60ADB8768}.Release|Any CPU.ActiveCfg = Release|Any CPU
		{FDA9EBD6-ABF9-4BF8-81AA-66A60ADB8768}.Release|Any CPU.Build.0 = Release|Any CPU
		{D2A2F16F-C167-4416-83AC-4F0F48417745}.Debug|Any CPU.ActiveCfg = Debug|Any CPU
		{D2A2F16F-C167-4416-83AC-4F0F48417745}.Debug|Any CPU.Build.0 = Debug|Any CPU
		{D2A2F16F-C167-4416-83AC-4F0F48417745}.Release|Any CPU.ActiveCfg = Release|Any CPU
		{D2A2F16F-C167-4416-83AC-4F0F48417745}.Release|Any CPU.Build.0 = Release|Any CPU
	EndGlobalSection
	GlobalSection(SolutionProperties) = preSolution
		HideSolutionNode = FALSE
	EndGlobalSection
	GlobalSection(NestedProjects) = preSolution
		{A45DBBAA-CBB6-4599-B63C-3C8C58D8CF65} = {380A59C0-7365-47EA-A493-C822EF9F12E8}
		{CBE8F8C1-6058-41CA-BC48-9FE93B485641} = {380A59C0-7365-47EA-A493-C822EF9F12E8}
		{61A83A5F-C731-4B4E-B940-029DFB14007A} = {380A59C0-7365-47EA-A493-C822EF9F12E8}
		{370DE797-27AC-4398-AC63-19C1BD2AF7C0} = {380A59C0-7365-47EA-A493-C822EF9F12E8}
		{00578FED-CE1A-452B-9982-5D42A44B94CC} = {380A59C0-7365-47EA-A493-C822EF9F12E8}
		{B54B9118-77A7-47F4-ABA8-5CB65A1BC1C2} = {380A59C0-7365-47EA-A493-C822EF9F12E8}
		{46308C41-BECE-484B-8DC7-072DC871DFF3} = {0315BAC7-D9FA-4F9E-AAA4-E76C372D8ACB}
		{463B8595-4441-4026-B494-615CC890FD37} = {0315BAC7-D9FA-4F9E-AAA4-E76C372D8ACB}
		{51557F2B-4A31-4DE2-8F71-D1E8CABEE3C6} = {0315BAC7-D9FA-4F9E-AAA4-E76C372D8ACB}
		{FA64AA30-9C1D-402D-B45B-2BD5E3841410} = {0315BAC7-D9FA-4F9E-AAA4-E76C372D8ACB}
		{D2A2F16F-C167-4416-83AC-4F0F48417745} = {51557F2B-4A31-4DE2-8F71-D1E8CABEE3C6}
		{FDA9EBD6-ABF9-4BF8-81AA-66A60ADB8768} = {A45DBBAA-CBB6-4599-B63C-3C8C58D8CF65}
	EndGlobalSection
EndGlobal
